{"format_version":"1.0","provider_schemas":{"registry.terraform.io/realnedsanders/vastai":{"provider":{"version":0,"block":{"attributes":{"api_key":{"type":"string","description":"Vast.ai API key. Can also be set via VASTAI_API_KEY environment variable.","description_kind":"plain","optional":true,"sensitive":true},"api_url":{"type":"string","description":"Vast.ai API base URL. Can also be set via VASTAI_API_URL environment variable. Defaults to https://console.vast.ai.","description_kind":"plain","optional":true}},"description":"Interact with Vast.ai GPU compute infrastructure.","description_kind":"markdown"}},"resource_schemas":{"vastai_api_key":{"version":0,"block":{"attributes":{"created_at":{"type":"string","description":"Timestamp when the API key was created.","description_kind":"plain","computed":true},"id":{"type":"string","description":"Unique numeric identifier of the API key.","description_kind":"plain","computed":true},"key":{"type":"string","description":"The API key value. Only available on creation, never returned by subsequent reads. The key value cannot be recovered after creation.","description_kind":"plain","computed":true,"sensitive":true},"name":{"type":"string","description":"Name of the API key. Changing this forces a new resource.","description_kind":"plain","required":true},"permissions":{"type":"string","description":"JSON string of permission configuration. Changing this forces a new resource.","description_kind":"plain","required":true}},"block_types":{"timeouts":{"nesting_mode":"single","block":{"attributes":{"create":{"type":"string","description":"A string that can be [parsed as a duration](https://pkg.go.dev/time#ParseDuration) consisting of numbers and unit suffixes, such as \"30s\" or \"2h45m\". Valid time units are \"s\" (seconds), \"m\" (minutes), \"h\" (hours).","description_kind":"plain","optional":true},"delete":{"type":"string","description":"A string that can be [parsed as a duration](https://pkg.go.dev/time#ParseDuration) consisting of numbers and unit suffixes, such as \"30s\" or \"2h45m\". Valid time units are \"s\" (seconds), \"m\" (minutes), \"h\" (hours). Setting a timeout for a Delete operation is only applicable if changes are saved into state before the destroy operation occurs.","description_kind":"plain","optional":true},"read":{"type":"string","description":"A string that can be [parsed as a duration](https://pkg.go.dev/time#ParseDuration) consisting of numbers and unit suffixes, such as \"30s\" or \"2h45m\". Valid time units are \"s\" (seconds), \"m\" (minutes), \"h\" (hours). Read operations occur during any refresh or planning operation when refresh is enabled.","description_kind":"plain","optional":true}},"description_kind":"plain"}}},"description":"Manages a Vast.ai API key. API keys are immutable after creation -- changing name or permissions requires replacement.","description_kind":"plain"}},"vastai_cluster":{"version":0,"block":{"attributes":{"id":{"type":"string","description":"Unique numeric identifier of the cluster.","description_kind":"plain","computed":true},"manager_id":{"type":"string","description":"Machine ID to be the cluster manager. This is a creation-time attribute; on read it is populated from the cluster's node list if available, otherwise preserved in state via UseStateForUnknown.","description_kind":"plain","optional":true,"computed":true},"subnet":{"type":"string","description":"Subnet for the cluster (e.g., 10.0.0.0/24).","description_kind":"plain","required":true}},"block_types":{"timeouts":{"nesting_mode":"single","block":{"attributes":{"create":{"type":"string","description":"A string that can be [parsed as a duration](https://pkg.go.dev/time#ParseDuration) consisting of numbers and unit suffixes, such as \"30s\" or \"2h45m\". Valid time units are \"s\" (seconds), \"m\" (minutes), \"h\" (hours).","description_kind":"plain","optional":true},"delete":{"type":"string","description":"A string that can be [parsed as a duration](https://pkg.go.dev/time#ParseDuration) consisting of numbers and unit suffixes, such as \"30s\" or \"2h45m\". Valid time units are \"s\" (seconds), \"m\" (minutes), \"h\" (hours). Setting a timeout for a Delete operation is only applicable if changes are saved into state before the destroy operation occurs.","description_kind":"plain","optional":true},"read":{"type":"string","description":"A string that can be [parsed as a duration](https://pkg.go.dev/time#ParseDuration) consisting of numbers and unit suffixes, such as \"30s\" or \"2h45m\". Valid time units are \"s\" (seconds), \"m\" (minutes), \"h\" (hours). Read operations occur during any refresh or planning operation when refresh is enabled.","description_kind":"plain","optional":true}},"description_kind":"plain"}}},"description":"Manages a Vast.ai cluster. Clusters group machines into a private network with a designated manager node.","description_kind":"plain"}},"vastai_cluster_member":{"version":0,"block":{"attributes":{"cluster_id":{"type":"string","description":"ID of the cluster to join.","description_kind":"plain","required":true},"id":{"type":"string","description":"Composite ID: cluster_id/machine_id.","description_kind":"plain","computed":true},"is_cluster_manager":{"type":"bool","description":"Whether this machine is the cluster manager.","description_kind":"plain","computed":true},"local_ip":{"type":"string","description":"Local IP address of the machine within the cluster network.","description_kind":"plain","computed":true},"machine_id":{"type":"string","description":"ID of the machine to add to the cluster.","description_kind":"plain","required":true},"new_manager_id":{"type":"string","description":"If removing the cluster manager, specify the new manager machine ID. Only used during destroy.","description_kind":"plain","optional":true}},"block_types":{"timeouts":{"nesting_mode":"single","block":{"attributes":{"create":{"type":"string","description":"A string that can be [parsed as a duration](https://pkg.go.dev/time#ParseDuration) consisting of numbers and unit suffixes, such as \"30s\" or \"2h45m\". Valid time units are \"s\" (seconds), \"m\" (minutes), \"h\" (hours).","description_kind":"plain","optional":true},"delete":{"type":"string","description":"A string that can be [parsed as a duration](https://pkg.go.dev/time#ParseDuration) consisting of numbers and unit suffixes, such as \"30s\" or \"2h45m\". Valid time units are \"s\" (seconds), \"m\" (minutes), \"h\" (hours). Setting a timeout for a Delete operation is only applicable if changes are saved into state before the destroy operation occurs.","description_kind":"plain","optional":true},"read":{"type":"string","description":"A string that can be [parsed as a duration](https://pkg.go.dev/time#ParseDuration) consisting of numbers and unit suffixes, such as \"30s\" or \"2h45m\". Valid time units are \"s\" (seconds), \"m\" (minutes), \"h\" (hours). Read operations occur during any refresh or planning operation when refresh is enabled.","description_kind":"plain","optional":true}},"description_kind":"plain"}}},"description":"Manages membership of a machine in a Vast.ai cluster. Uses composite ID format: cluster_id/machine_id.","description_kind":"plain"}},"vastai_endpoint":{"version":0,"block":{"attributes":{"cold_mult":{"type":"number","description":"Cold capacity as multiple of hot capacity (default: 2.5).","description_kind":"plain","optional":true,"computed":true},"cold_workers":{"type":"number","description":"Minimum cold workers when no load (default: 5).","description_kind":"plain","optional":true,"computed":true},"endpoint_name":{"type":"string","description":"Name of the serverless endpoint.","description_kind":"plain","required":true},"endpoint_state":{"type":"string","description":"Endpoint runtime state (active, suspended, stopped). New endpoints start as active.","description_kind":"plain","optional":true,"computed":true},"id":{"type":"string","description":"Endpoint ID. Used as the primary identifier for reads, updates, deletes, and imports.","description_kind":"plain","computed":true},"max_workers":{"type":"number","description":"Maximum workers the endpoint can have (default: 20).","description_kind":"plain","optional":true,"computed":true},"min_cold_load":{"type":"number","description":"Minimum floor load allowing cold workers (default: 0).","description_kind":"plain","optional":true,"computed":true},"min_load":{"type":"number","description":"Minimum floor load in perf units/s (default: 0).","description_kind":"plain","optional":true,"computed":true},"target_util":{"type":"number","description":"Target capacity utilization fraction (default: 0.9).","description_kind":"plain","optional":true,"computed":true}},"block_types":{"timeouts":{"nesting_mode":"single","block":{"attributes":{"create":{"type":"string","description":"A string that can be [parsed as a duration](https://pkg.go.dev/time#ParseDuration) consisting of numbers and unit suffixes, such as \"30s\" or \"2h45m\". Valid time units are \"s\" (seconds), \"m\" (minutes), \"h\" (hours).","description_kind":"plain","optional":true},"delete":{"type":"string","description":"A string that can be [parsed as a duration](https://pkg.go.dev/time#ParseDuration) consisting of numbers and unit suffixes, such as \"30s\" or \"2h45m\". Valid time units are \"s\" (seconds), \"m\" (minutes), \"h\" (hours). Setting a timeout for a Delete operation is only applicable if changes are saved into state before the destroy operation occurs.","description_kind":"plain","optional":true},"read":{"type":"string","description":"A string that can be [parsed as a duration](https://pkg.go.dev/time#ParseDuration) consisting of numbers and unit suffixes, such as \"30s\" or \"2h45m\". Valid time units are \"s\" (seconds), \"m\" (minutes), \"h\" (hours). Read operations occur during any refresh or planning operation when refresh is enabled.","description_kind":"plain","optional":true},"update":{"type":"string","description":"A string that can be [parsed as a duration](https://pkg.go.dev/time#ParseDuration) consisting of numbers and unit suffixes, such as \"30s\" or \"2h45m\". Valid time units are \"s\" (seconds), \"m\" (minutes), \"h\" (hours).","description_kind":"plain","optional":true}},"description_kind":"plain"}}},"description":"Manages a Vast.ai serverless endpoint. Endpoints provide autoscaling inference serving with configurable load balancing, cold start behavior, and worker scaling. Autoscaling is configured directly on the endpoint resource (SRVL-03).","description_kind":"plain"}},"vastai_environment_variable":{"version":0,"block":{"attributes":{"id":{"type":"string","description":"The environment variable name (same as key). Used as the unique identifier.","description_kind":"plain","computed":true},"key":{"type":"string","description":"Environment variable name. Changing this forces a new resource.","description_kind":"plain","required":true},"value":{"type":"string","description":"Environment variable value.","description_kind":"plain","required":true,"sensitive":true}},"block_types":{"timeouts":{"nesting_mode":"single","block":{"attributes":{"create":{"type":"string","description":"A string that can be [parsed as a duration](https://pkg.go.dev/time#ParseDuration) consisting of numbers and unit suffixes, such as \"30s\" or \"2h45m\". Valid time units are \"s\" (seconds), \"m\" (minutes), \"h\" (hours).","description_kind":"plain","optional":true},"delete":{"type":"string","description":"A string that can be [parsed as a duration](https://pkg.go.dev/time#ParseDuration) consisting of numbers and unit suffixes, such as \"30s\" or \"2h45m\". Valid time units are \"s\" (seconds), \"m\" (minutes), \"h\" (hours). Setting a timeout for a Delete operation is only applicable if changes are saved into state before the destroy operation occurs.","description_kind":"plain","optional":true},"read":{"type":"string","description":"A string that can be [parsed as a duration](https://pkg.go.dev/time#ParseDuration) consisting of numbers and unit suffixes, such as \"30s\" or \"2h45m\". Valid time units are \"s\" (seconds), \"m\" (minutes), \"h\" (hours). Read operations occur during any refresh or planning operation when refresh is enabled.","description_kind":"plain","optional":true},"update":{"type":"string","description":"A string that can be [parsed as a duration](https://pkg.go.dev/time#ParseDuration) consisting of numbers and unit suffixes, such as \"30s\" or \"2h45m\". Valid time units are \"s\" (seconds), \"m\" (minutes), \"h\" (hours).","description_kind":"plain","optional":true}},"description_kind":"plain"}}},"description":"Manages a Vast.ai environment variable (secret). Environment variables are identified by their key name.","description_kind":"plain"}},"vastai_instance":{"version":0,"block":{"attributes":{"actual_status":{"type":"string","description":"Current actual status of the instance as reported by the API (e.g., 'running', 'loading', 'exited').","description_kind":"plain","computed":true},"bid_price":{"type":"number","description":"Bid price per GPU per hour in USD. Set to create an interruptible (spot) instance. Omit for on-demand pricing. The bid amount can be updated in-place, but removing bid pricing entirely (switching from spot to on-demand) requires instance replacement.","description_kind":"plain","optional":true},"cancel_unavail":{"type":"bool","description":"Cancel instance creation if the selected offer becomes unavailable. This is a creation-time attribute not returned by the API; preserved in state via UseStateForUnknown.","description_kind":"plain","optional":true,"computed":true},"cost_per_hour":{"type":"number","description":"Current cost per hour in USD for this instance.","description_kind":"plain","computed":true},"cpu_cores":{"type":"number","description":"Number of effective CPU cores allocated to this instance.","description_kind":"plain","computed":true},"cpu_ram_gb":{"type":"number","description":"Total CPU RAM in GB.","description_kind":"plain","computed":true},"created_at":{"type":"string","description":"Timestamp when the instance was created.","description_kind":"plain","computed":true},"disk_gb":{"type":"number","description":"Local disk partition size in GB. Cannot be changed after creation. This is a creation-time attribute not returned by the API; preserved in state via UseStateForUnknown.","description_kind":"plain","optional":true,"computed":true},"env":{"type":["map","string"],"description":"Environment variables as key-value pairs passed to the instance container. Can be updated via template update. Not returned by the API; preserved in state via UseStateForUnknown.","description_kind":"plain","optional":true,"computed":true},"geolocation":{"type":"string","description":"Geographic location of the host machine.","description_kind":"plain","computed":true},"gpu_name":{"type":"string","description":"GPU model name (e.g., 'RTX 4090', 'A100 SXM4').","description_kind":"plain","computed":true},"gpu_ram_gb":{"type":"number","description":"Total GPU VRAM in GB.","description_kind":"plain","computed":true},"id":{"type":"string","description":"Unique contract ID of the instance. Used as the primary identifier for all operations.","description_kind":"plain","computed":true},"image":{"type":"string","description":"Docker image to launch (e.g., 'pytorch/pytorch:latest'). Can be set via template. If not specified, the template's image is used. Note: the API may return an image UUID instead of the original docker reference; the state value is preserved from config when possible.","description_kind":"plain","optional":true,"computed":true},"image_login":{"type":"string","description":"Docker registry credentials for private image pulls (format: '-u user -p pass registry'). This value is sensitive and will not be displayed in plan output. This is a creation-time attribute not returned by the API; preserved in state via UseStateForUnknown.","description_kind":"plain","optional":true,"computed":true,"sensitive":true},"inet_down_mbps":{"type":"number","description":"Internet download speed in Mbps.","description_kind":"plain","computed":true},"inet_up_mbps":{"type":"number","description":"Internet upload speed in Mbps.","description_kind":"plain","computed":true},"is_bid":{"type":"bool","description":"Whether this instance uses bid (spot/interruptible) pricing.","description_kind":"plain","computed":true},"label":{"type":"string","description":"Human-readable label for the instance. Can be updated in-place.","description_kind":"plain","optional":true},"machine_id":{"type":"number","description":"Physical machine ID hosting this instance.","description_kind":"plain","computed":true},"num_gpus":{"type":"number","description":"Number of GPUs allocated to this instance.","description_kind":"plain","computed":true},"offer_id":{"type":"number","description":"ID of the GPU offer to create this instance from. Obtain from the vastai_gpu_offers data source. Changing this forces a new resource. This is a creation-time attribute not returned by the API; preserved in state via UseStateForUnknown.","description_kind":"plain","optional":true,"computed":true},"onstart":{"type":"string","description":"Startup script executed when the instance boots. Can be updated via template update.","description_kind":"plain","optional":true},"reliability":{"type":"number","description":"Host machine reliability score (0.0 to 1.0).","description_kind":"plain","computed":true},"ssh_host":{"type":"string","description":"SSH connection hostname for this instance.","description_kind":"plain","computed":true},"ssh_key_ids":{"type":["set","string"],"description":"Set of SSH key IDs to attach to this instance. Keys are attached/detached incrementally when the set changes. Use IDs from vastai_ssh_key resources. Not returned by the API; preserved in state via UseStateForUnknown.","description_kind":"plain","optional":true,"computed":true},"ssh_port":{"type":"number","description":"SSH connection port for this instance.","description_kind":"plain","computed":true},"status":{"type":"string","description":"Desired instance state. Set to 'running' or 'stopped' to start/stop the instance without destroying and recreating it. Defaults to 'running' on creation.","description_kind":"plain","optional":true,"computed":true},"status_msg":{"type":"string","description":"Current status message from the instance (e.g., progress information during loading).","description_kind":"plain","computed":true},"template_hash_id":{"type":"string","description":"Hash ID of a Vast.ai template to apply to this instance. Can be updated in-place.","description_kind":"plain","optional":true},"use_jupyter_lab":{"type":"bool","description":"Enable JupyterLab access to this instance. Defaults to the template setting if not specified. This is a creation-time attribute not returned by the API.","description_kind":"plain","optional":true,"computed":true},"use_ssh":{"type":"bool","description":"Enable SSH access to this instance. Defaults to the template setting if not specified. This is a creation-time attribute not returned by the API.","description_kind":"plain","optional":true,"computed":true}},"block_types":{"timeouts":{"nesting_mode":"single","block":{"attributes":{"create":{"type":"string","description":"A string that can be [parsed as a duration](https://pkg.go.dev/time#ParseDuration) consisting of numbers and unit suffixes, such as \"30s\" or \"2h45m\". Valid time units are \"s\" (seconds), \"m\" (minutes), \"h\" (hours).","description_kind":"plain","optional":true},"delete":{"type":"string","description":"A string that can be [parsed as a duration](https://pkg.go.dev/time#ParseDuration) consisting of numbers and unit suffixes, such as \"30s\" or \"2h45m\". Valid time units are \"s\" (seconds), \"m\" (minutes), \"h\" (hours). Setting a timeout for a Delete operation is only applicable if changes are saved into state before the destroy operation occurs.","description_kind":"plain","optional":true},"read":{"type":"string","description":"A string that can be [parsed as a duration](https://pkg.go.dev/time#ParseDuration) consisting of numbers and unit suffixes, such as \"30s\" or \"2h45m\". Valid time units are \"s\" (seconds), \"m\" (minutes), \"h\" (hours). Read operations occur during any refresh or planning operation when refresh is enabled.","description_kind":"plain","optional":true},"update":{"type":"string","description":"A string that can be [parsed as a duration](https://pkg.go.dev/time#ParseDuration) consisting of numbers and unit suffixes, such as \"30s\" or \"2h45m\". Valid time units are \"s\" (seconds), \"m\" (minutes), \"h\" (hours).","description_kind":"plain","optional":true}},"description_kind":"plain"}}},"description":"Manages a Vast.ai GPU instance. Instances are created from GPU offers and support full lifecycle management including start/stop, label and bid price updates, template changes, SSH key attachment, and spot instance preemption handling.","description_kind":"plain"}},"vastai_network_volume":{"version":0,"block":{"attributes":{"disk_name":{"type":"string","description":"Name of the physical disk hosting this network volume.","description_kind":"plain","computed":true},"disk_space":{"type":"number","description":"Actual allocated disk space in GB.","description_kind":"plain","computed":true},"driver_version":{"type":"string","description":"Driver version on the host machine.","description_kind":"plain","computed":true},"geolocation":{"type":"string","description":"Geographic location of the machine hosting this network volume.","description_kind":"plain","computed":true},"host_id":{"type":"number","description":"ID of the host machine.","description_kind":"plain","computed":true},"id":{"type":"string","description":"Volume contract ID. Used as the primary identifier for reads, deletes, and imports.","description_kind":"plain","computed":true},"inet_down":{"type":"number","description":"Internet download speed in Mbps.","description_kind":"plain","computed":true},"inet_up":{"type":"number","description":"Internet upload speed in Mbps.","description_kind":"plain","computed":true},"machine_id":{"type":"number","description":"ID of the machine hosting this network volume.","description_kind":"plain","computed":true},"name":{"type":"string","description":"Optional name/label for the network volume. Changes force replacement.","description_kind":"plain","optional":true},"offer_id":{"type":"number","description":"ID of the network volume offer to create from (from vastai_network_volume_offers data source). Changes force replacement. This is a creation-time attribute not returned by the API; preserved in state via UseStateForUnknown.","description_kind":"plain","optional":true,"computed":true},"reliability":{"type":"number","description":"Host reliability score (0.0 to 1.0).","description_kind":"plain","computed":true},"size":{"type":"number","description":"Network volume size in GB. Changes force replacement. This is a creation-time attribute not returned by the API; preserved in state via UseStateForUnknown.","description_kind":"plain","optional":true,"computed":true},"status":{"type":"string","description":"Current status of the network volume (e.g., 'active', 'inactive').","description_kind":"plain","computed":true},"verification":{"type":"string","description":"Host verification status.","description_kind":"plain","computed":true}},"block_types":{"timeouts":{"nesting_mode":"single","block":{"attributes":{"create":{"type":"string","description":"A string that can be [parsed as a duration](https://pkg.go.dev/time#ParseDuration) consisting of numbers and unit suffixes, such as \"30s\" or \"2h45m\". Valid time units are \"s\" (seconds), \"m\" (minutes), \"h\" (hours).","description_kind":"plain","optional":true},"delete":{"type":"string","description":"A string that can be [parsed as a duration](https://pkg.go.dev/time#ParseDuration) consisting of numbers and unit suffixes, such as \"30s\" or \"2h45m\". Valid time units are \"s\" (seconds), \"m\" (minutes), \"h\" (hours). Setting a timeout for a Delete operation is only applicable if changes are saved into state before the destroy operation occurs.","description_kind":"plain","optional":true},"read":{"type":"string","description":"A string that can be [parsed as a duration](https://pkg.go.dev/time#ParseDuration) consisting of numbers and unit suffixes, such as \"30s\" or \"2h45m\". Valid time units are \"s\" (seconds), \"m\" (minutes), \"h\" (hours). Read operations occur during any refresh or planning operation when refresh is enabled.","description_kind":"plain","optional":true}},"description_kind":"plain"}}},"description":"Manages a Vast.ai network volume. Network volumes provide network-attached persistent storage that can be mounted across instances. Network volumes are created from network volume offers (use the vastai_network_volume_offers data source to search for available offers).","description_kind":"plain"}},"vastai_overlay":{"version":0,"block":{"attributes":{"cluster_id":{"type":"string","description":"ID of the cluster this overlay belongs to.","description_kind":"plain","required":true},"id":{"type":"string","description":"Unique numeric identifier of the overlay.","description_kind":"plain","computed":true},"internal_subnet":{"type":"string","description":"Subnet assigned to the overlay.","description_kind":"plain","computed":true},"name":{"type":"string","description":"Name of the overlay network.","description_kind":"plain","required":true}},"block_types":{"timeouts":{"nesting_mode":"single","block":{"attributes":{"create":{"type":"string","description":"A string that can be [parsed as a duration](https://pkg.go.dev/time#ParseDuration) consisting of numbers and unit suffixes, such as \"30s\" or \"2h45m\". Valid time units are \"s\" (seconds), \"m\" (minutes), \"h\" (hours).","description_kind":"plain","optional":true},"delete":{"type":"string","description":"A string that can be [parsed as a duration](https://pkg.go.dev/time#ParseDuration) consisting of numbers and unit suffixes, such as \"30s\" or \"2h45m\". Valid time units are \"s\" (seconds), \"m\" (minutes), \"h\" (hours). Setting a timeout for a Delete operation is only applicable if changes are saved into state before the destroy operation occurs.","description_kind":"plain","optional":true},"read":{"type":"string","description":"A string that can be [parsed as a duration](https://pkg.go.dev/time#ParseDuration) consisting of numbers and unit suffixes, such as \"30s\" or \"2h45m\". Valid time units are \"s\" (seconds), \"m\" (minutes), \"h\" (hours). Read operations occur during any refresh or planning operation when refresh is enabled.","description_kind":"plain","optional":true}},"description_kind":"plain"}}},"description":"Manages a Vast.ai overlay network. Overlays provide virtual networking on top of clusters, allowing instances to communicate over a private network.","description_kind":"plain"}},"vastai_overlay_member":{"version":0,"block":{"attributes":{"id":{"type":"string","description":"Composite ID: overlay_id/instance_id.","description_kind":"plain","computed":true},"instance_id":{"type":"string","description":"ID of the instance to join to the overlay.","description_kind":"plain","required":true},"overlay_id":{"type":"string","description":"ID of the overlay.","description_kind":"plain","computed":true},"overlay_name":{"type":"string","description":"Name of the overlay to join.","description_kind":"plain","required":true}},"block_types":{"timeouts":{"nesting_mode":"single","block":{"attributes":{"create":{"type":"string","description":"A string that can be [parsed as a duration](https://pkg.go.dev/time#ParseDuration) consisting of numbers and unit suffixes, such as \"30s\" or \"2h45m\". Valid time units are \"s\" (seconds), \"m\" (minutes), \"h\" (hours).","description_kind":"plain","optional":true},"delete":{"type":"string","description":"A string that can be [parsed as a duration](https://pkg.go.dev/time#ParseDuration) consisting of numbers and unit suffixes, such as \"30s\" or \"2h45m\". Valid time units are \"s\" (seconds), \"m\" (minutes), \"h\" (hours). Setting a timeout for a Delete operation is only applicable if changes are saved into state before the destroy operation occurs.","description_kind":"plain","optional":true},"read":{"type":"string","description":"A string that can be [parsed as a duration](https://pkg.go.dev/time#ParseDuration) consisting of numbers and unit suffixes, such as \"30s\" or \"2h45m\". Valid time units are \"s\" (seconds), \"m\" (minutes), \"h\" (hours). Read operations occur during any refresh or planning operation when refresh is enabled.","description_kind":"plain","optional":true}},"description_kind":"plain"}}},"description":"Joins an instance to a Vast.ai overlay network. NOTE: Individual instance removal from an overlay is not supported by the API. Destroying this resource removes it from Terraform state only.","description_kind":"plain"}},"vastai_ssh_key":{"version":0,"block":{"attributes":{"created_at":{"type":"string","description":"Timestamp when the SSH key was created.","description_kind":"plain","computed":true},"id":{"type":"string","description":"Unique numeric identifier of the SSH key.","description_kind":"plain","computed":true},"ssh_key":{"type":"string","description":"SSH public key content (e.g., 'ssh-rsa AAAA...'). Sensitive value.","description_kind":"plain","required":true,"sensitive":true}},"block_types":{"timeouts":{"nesting_mode":"single","block":{"attributes":{"create":{"type":"string","description":"A string that can be [parsed as a duration](https://pkg.go.dev/time#ParseDuration) consisting of numbers and unit suffixes, such as \"30s\" or \"2h45m\". Valid time units are \"s\" (seconds), \"m\" (minutes), \"h\" (hours).","description_kind":"plain","optional":true},"delete":{"type":"string","description":"A string that can be [parsed as a duration](https://pkg.go.dev/time#ParseDuration) consisting of numbers and unit suffixes, such as \"30s\" or \"2h45m\". Valid time units are \"s\" (seconds), \"m\" (minutes), \"h\" (hours). Setting a timeout for a Delete operation is only applicable if changes are saved into state before the destroy operation occurs.","description_kind":"plain","optional":true},"read":{"type":"string","description":"A string that can be [parsed as a duration](https://pkg.go.dev/time#ParseDuration) consisting of numbers and unit suffixes, such as \"30s\" or \"2h45m\". Valid time units are \"s\" (seconds), \"m\" (minutes), \"h\" (hours). Read operations occur during any refresh or planning operation when refresh is enabled.","description_kind":"plain","optional":true},"update":{"type":"string","description":"A string that can be [parsed as a duration](https://pkg.go.dev/time#ParseDuration) consisting of numbers and unit suffixes, such as \"30s\" or \"2h45m\". Valid time units are \"s\" (seconds), \"m\" (minutes), \"h\" (hours).","description_kind":"plain","optional":true}},"description_kind":"plain"}}},"description":"Manages an SSH key in Vast.ai. SSH keys can be attached to instances for secure access.","description_kind":"plain"}},"vastai_subaccount":{"version":0,"block":{"attributes":{"email":{"type":"string","description":"Email address for the subaccount. Changing this forces a new resource.","description_kind":"plain","required":true},"host_only":{"type":"bool","description":"Whether this is a host-only subaccount. Changing this forces a new resource.","description_kind":"plain","optional":true,"computed":true},"id":{"type":"string","description":"Unique numeric identifier of the subaccount.","description_kind":"plain","computed":true},"password":{"type":"string","description":"Password for the subaccount. Write-only, never returned by API. Changing this forces a new resource. Note: after import, this field will be empty in state since the API does not return passwords.","description_kind":"plain","optional":true,"computed":true,"sensitive":true},"username":{"type":"string","description":"Username for the subaccount. Changing this forces a new resource.","description_kind":"plain","required":true}},"block_types":{"timeouts":{"nesting_mode":"single","block":{"attributes":{"create":{"type":"string","description":"A string that can be [parsed as a duration](https://pkg.go.dev/time#ParseDuration) consisting of numbers and unit suffixes, such as \"30s\" or \"2h45m\". Valid time units are \"s\" (seconds), \"m\" (minutes), \"h\" (hours).","description_kind":"plain","optional":true},"delete":{"type":"string","description":"A string that can be [parsed as a duration](https://pkg.go.dev/time#ParseDuration) consisting of numbers and unit suffixes, such as \"30s\" or \"2h45m\". Valid time units are \"s\" (seconds), \"m\" (minutes), \"h\" (hours). Setting a timeout for a Delete operation is only applicable if changes are saved into state before the destroy operation occurs.","description_kind":"plain","optional":true},"read":{"type":"string","description":"A string that can be [parsed as a duration](https://pkg.go.dev/time#ParseDuration) consisting of numbers and unit suffixes, such as \"30s\" or \"2h45m\". Valid time units are \"s\" (seconds), \"m\" (minutes), \"h\" (hours). Read operations occur during any refresh or planning operation when refresh is enabled.","description_kind":"plain","optional":true}},"description_kind":"plain"}}},"description":"Manages a Vast.ai subaccount. NOTE: Subaccounts cannot be deleted via the API. Destroying this resource removes it from Terraform state only.","description_kind":"plain"}},"vastai_team":{"version":0,"block":{"attributes":{"id":{"type":"string","description":"Unique numeric identifier of the team.","description_kind":"plain","computed":true},"team_name":{"type":"string","description":"Name of the team. Changing this forces creation of a new team. This is a creation-time attribute not returned by the read API; preserved in state via UseStateForUnknown.","description_kind":"plain","optional":true,"computed":true}},"block_types":{"timeouts":{"nesting_mode":"single","block":{"attributes":{"create":{"type":"string","description":"A string that can be [parsed as a duration](https://pkg.go.dev/time#ParseDuration) consisting of numbers and unit suffixes, such as \"30s\" or \"2h45m\". Valid time units are \"s\" (seconds), \"m\" (minutes), \"h\" (hours).","description_kind":"plain","optional":true},"delete":{"type":"string","description":"A string that can be [parsed as a duration](https://pkg.go.dev/time#ParseDuration) consisting of numbers and unit suffixes, such as \"30s\" or \"2h45m\". Valid time units are \"s\" (seconds), \"m\" (minutes), \"h\" (hours). Setting a timeout for a Delete operation is only applicable if changes are saved into state before the destroy operation occurs.","description_kind":"plain","optional":true},"read":{"type":"string","description":"A string that can be [parsed as a duration](https://pkg.go.dev/time#ParseDuration) consisting of numbers and unit suffixes, such as \"30s\" or \"2h45m\". Valid time units are \"s\" (seconds), \"m\" (minutes), \"h\" (hours). Read operations occur during any refresh or planning operation when refresh is enabled.","description_kind":"plain","optional":true}},"description_kind":"plain"}}},"description":"Manages a Vast.ai team. Only one team can be managed per API key context. The destroy operation deletes the team associated with the current API key.","description_kind":"plain"}},"vastai_team_member":{"version":0,"block":{"attributes":{"email":{"type":"string","description":"Email address to invite. Changing this requires removing and re-inviting the member.","description_kind":"plain","required":true},"id":{"type":"string","description":"Member ID assigned by Vast.ai.","description_kind":"plain","computed":true},"role":{"type":"string","description":"Role name to assign to the member. Must match an existing team role. Changing the role requires removing and re-inviting the member.","description_kind":"plain","required":true}},"block_types":{"timeouts":{"nesting_mode":"single","block":{"attributes":{"create":{"type":"string","description":"A string that can be [parsed as a duration](https://pkg.go.dev/time#ParseDuration) consisting of numbers and unit suffixes, such as \"30s\" or \"2h45m\". Valid time units are \"s\" (seconds), \"m\" (minutes), \"h\" (hours).","description_kind":"plain","optional":true},"delete":{"type":"string","description":"A string that can be [parsed as a duration](https://pkg.go.dev/time#ParseDuration) consisting of numbers and unit suffixes, such as \"30s\" or \"2h45m\". Valid time units are \"s\" (seconds), \"m\" (minutes), \"h\" (hours). Setting a timeout for a Delete operation is only applicable if changes are saved into state before the destroy operation occurs.","description_kind":"plain","optional":true},"read":{"type":"string","description":"A string that can be [parsed as a duration](https://pkg.go.dev/time#ParseDuration) consisting of numbers and unit suffixes, such as \"30s\" or \"2h45m\". Valid time units are \"s\" (seconds), \"m\" (minutes), \"h\" (hours). Read operations occur during any refresh or planning operation when refresh is enabled.","description_kind":"plain","optional":true}},"description_kind":"plain"}}},"description":"Manages a Vast.ai team member. Creating this resource sends an invitation to the specified email address. The member's user ID becomes the resource ID once they accept or when the invite is registered.","description_kind":"plain"}},"vastai_team_role":{"version":0,"block":{"attributes":{"id":{"type":"string","description":"Numeric ID of the role (used for updates).","description_kind":"plain","computed":true},"name":{"type":"string","description":"Role name (used for read/delete operations).","description_kind":"plain","required":true},"permissions":{"type":"string","description":"JSON string of permission configuration. The API uses nested JSON objects (e.g., {\"api\":{\"instance_read\":{...}}}), not a flat string set.","description_kind":"plain","required":true}},"block_types":{"timeouts":{"nesting_mode":"single","block":{"attributes":{"create":{"type":"string","description":"A string that can be [parsed as a duration](https://pkg.go.dev/time#ParseDuration) consisting of numbers and unit suffixes, such as \"30s\" or \"2h45m\". Valid time units are \"s\" (seconds), \"m\" (minutes), \"h\" (hours).","description_kind":"plain","optional":true},"delete":{"type":"string","description":"A string that can be [parsed as a duration](https://pkg.go.dev/time#ParseDuration) consisting of numbers and unit suffixes, such as \"30s\" or \"2h45m\". Valid time units are \"s\" (seconds), \"m\" (minutes), \"h\" (hours). Setting a timeout for a Delete operation is only applicable if changes are saved into state before the destroy operation occurs.","description_kind":"plain","optional":true},"read":{"type":"string","description":"A string that can be [parsed as a duration](https://pkg.go.dev/time#ParseDuration) consisting of numbers and unit suffixes, such as \"30s\" or \"2h45m\". Valid time units are \"s\" (seconds), \"m\" (minutes), \"h\" (hours). Read operations occur during any refresh or planning operation when refresh is enabled.","description_kind":"plain","optional":true},"update":{"type":"string","description":"A string that can be [parsed as a duration](https://pkg.go.dev/time#ParseDuration) consisting of numbers and unit suffixes, such as \"30s\" or \"2h45m\". Valid time units are \"s\" (seconds), \"m\" (minutes), \"h\" (hours).","description_kind":"plain","optional":true}},"description_kind":"plain"}}},"description":"Manages a Vast.ai team role with permission configuration.","description_kind":"plain"}},"vastai_template":{"version":0,"block":{"attributes":{"created_at":{"type":"string","description":"Timestamp when the template was created (set by the API).","description_kind":"plain","computed":true},"desc":{"type":"string","description":"Short description of the template.","description_kind":"plain","optional":true},"docker_login_repo":{"type":"string","description":"Private Docker registry URL for authenticated image pulls. This value is sensitive and will not be displayed in plan output.","description_kind":"plain","optional":true,"sensitive":true},"env":{"type":"string","description":"Environment variables and port mappings in Docker CLI format (e.g., '-e KEY=VALUE -p 8080:8080'). Passed directly to the container runtime.","description_kind":"plain","optional":true},"hash_id":{"type":"string","description":"Content-addressed template hash ID. Changes when template content is updated.","description_kind":"plain","computed":true},"href":{"type":"string","description":"External URL associated with the template (e.g., documentation or project page). May be auto-populated from Docker image metadata.","description_kind":"plain","optional":true,"computed":true},"id":{"type":"string","description":"Numeric template ID (stable across updates).","description_kind":"plain","computed":true},"image":{"type":"string","description":"Docker image reference (e.g., 'pytorch/pytorch:latest', 'nvidia/cuda:12.0-devel'). Must be a valid Docker image reference.","description_kind":"plain","required":true},"jup_direct":{"type":"bool","description":"Enable direct Jupyter access to instances created from this template.","description_kind":"plain","optional":true,"computed":true},"jupyter_dir":{"type":"string","description":"Working directory for Jupyter when the instance starts.","description_kind":"plain","optional":true},"name":{"type":"string","description":"Template name. Must be between 1 and 200 characters.","description_kind":"plain","required":true},"numeric_id":{"type":"number","description":"Numeric template ID assigned by the Vast.ai API (same as id, typed as integer).","description_kind":"plain","computed":true},"onstart":{"type":"string","description":"Bash script to run when the instance starts. Executed after the container is initialized.","description_kind":"plain","optional":true},"private":{"type":"bool","description":"Whether this template is private (only visible to the owner). Default: false.","description_kind":"plain","optional":true,"computed":true},"readme":{"type":"string","description":"Markdown readme content displayed on the template listing page.","description_kind":"plain","optional":true},"readme_visible":{"type":"bool","description":"Whether the readme is visible on the template listing.","description_kind":"plain","optional":true,"computed":true},"recommended_disk_space":{"type":"string","description":"Recommended disk space for instances using this template (e.g., '50GB').","description_kind":"plain","optional":true,"computed":true},"repo":{"type":"string","description":"Source code repository URL for the template. May be auto-populated from Docker image metadata.","description_kind":"plain","optional":true,"computed":true},"ssh_direct":{"type":"bool","description":"Enable direct SSH access to instances created from this template.","description_kind":"plain","optional":true,"computed":true},"tag":{"type":"string","description":"Docker image tag. If not set, the API may assign a default based on the image reference.","description_kind":"plain","optional":true,"computed":true},"use_jupyter_lab":{"type":"bool","description":"Use JupyterLab instead of classic Jupyter Notebook interface.","description_kind":"plain","optional":true,"computed":true},"use_ssh":{"type":"bool","description":"Enable SSH server in instances created from this template.","description_kind":"plain","optional":true,"computed":true}},"block_types":{"timeouts":{"nesting_mode":"single","block":{"attributes":{"create":{"type":"string","description":"A string that can be [parsed as a duration](https://pkg.go.dev/time#ParseDuration) consisting of numbers and unit suffixes, such as \"30s\" or \"2h45m\". Valid time units are \"s\" (seconds), \"m\" (minutes), \"h\" (hours).","description_kind":"plain","optional":true},"delete":{"type":"string","description":"A string that can be [parsed as a duration](https://pkg.go.dev/time#ParseDuration) consisting of numbers and unit suffixes, such as \"30s\" or \"2h45m\". Valid time units are \"s\" (seconds), \"m\" (minutes), \"h\" (hours). Setting a timeout for a Delete operation is only applicable if changes are saved into state before the destroy operation occurs.","description_kind":"plain","optional":true},"read":{"type":"string","description":"A string that can be [parsed as a duration](https://pkg.go.dev/time#ParseDuration) consisting of numbers and unit suffixes, such as \"30s\" or \"2h45m\". Valid time units are \"s\" (seconds), \"m\" (minutes), \"h\" (hours). Read operations occur during any refresh or planning operation when refresh is enabled.","description_kind":"plain","optional":true},"update":{"type":"string","description":"A string that can be [parsed as a duration](https://pkg.go.dev/time#ParseDuration) consisting of numbers and unit suffixes, such as \"30s\" or \"2h45m\". Valid time units are \"s\" (seconds), \"m\" (minutes), \"h\" (hours).","description_kind":"plain","optional":true}},"description_kind":"plain"}}},"description":"Manages a Vast.ai template. Templates define reusable instance configurations including Docker image, environment variables, startup commands, and access settings.","description_kind":"plain"}},"vastai_volume":{"version":0,"block":{"attributes":{"clone_from_id":{"type":"number","description":"Source volume ID to clone from. When set, creates by cloning (POST /volumes/copy/) instead of creating from offer. Changes force replacement.","description_kind":"plain","optional":true},"disable_compression":{"type":"bool","description":"Disable compression during clone. Only used when clone_from_id is set. Changes force replacement.","description_kind":"plain","optional":true},"disk_name":{"type":"string","description":"Name of the physical disk hosting this volume.","description_kind":"plain","computed":true},"disk_space":{"type":"number","description":"Actual allocated disk space in GB.","description_kind":"plain","computed":true},"driver_version":{"type":"string","description":"Driver version on the host machine.","description_kind":"plain","computed":true},"geolocation":{"type":"string","description":"Geographic location of the machine hosting this volume.","description_kind":"plain","computed":true},"host_id":{"type":"number","description":"ID of the host machine.","description_kind":"plain","computed":true},"id":{"type":"string","description":"Volume contract ID. Used as the primary identifier for reads, deletes, and imports.","description_kind":"plain","computed":true},"inet_down":{"type":"number","description":"Internet download speed in Mbps.","description_kind":"plain","computed":true},"inet_up":{"type":"number","description":"Internet upload speed in Mbps.","description_kind":"plain","computed":true},"machine_id":{"type":"number","description":"ID of the machine hosting this volume.","description_kind":"plain","computed":true},"name":{"type":"string","description":"Optional name/label for the volume. Changes force replacement.","description_kind":"plain","optional":true},"offer_id":{"type":"number","description":"ID of the volume offer to create from (from vastai_volume_offers data source). When cloning, this is the destination offer ID. Changes force replacement. This is a creation-time attribute not returned by the API; preserved in state via UseStateForUnknown.","description_kind":"plain","optional":true,"computed":true},"reliability":{"type":"number","description":"Host reliability score (0.0 to 1.0).","description_kind":"plain","computed":true},"size":{"type":"number","description":"Volume size in GB. Changes force replacement. This is a creation-time attribute not returned by the API; preserved in state via UseStateForUnknown.","description_kind":"plain","optional":true,"computed":true},"status":{"type":"string","description":"Current status of the volume (e.g., 'active', 'inactive').","description_kind":"plain","computed":true},"verification":{"type":"string","description":"Host verification status.","description_kind":"plain","computed":true}},"block_types":{"timeouts":{"nesting_mode":"single","block":{"attributes":{"create":{"type":"string","description":"A string that can be [parsed as a duration](https://pkg.go.dev/time#ParseDuration) consisting of numbers and unit suffixes, such as \"30s\" or \"2h45m\". Valid time units are \"s\" (seconds), \"m\" (minutes), \"h\" (hours).","description_kind":"plain","optional":true},"delete":{"type":"string","description":"A string that can be [parsed as a duration](https://pkg.go.dev/time#ParseDuration) consisting of numbers and unit suffixes, such as \"30s\" or \"2h45m\". Valid time units are \"s\" (seconds), \"m\" (minutes), \"h\" (hours). Setting a timeout for a Delete operation is only applicable if changes are saved into state before the destroy operation occurs.","description_kind":"plain","optional":true},"read":{"type":"string","description":"A string that can be [parsed as a duration](https://pkg.go.dev/time#ParseDuration) consisting of numbers and unit suffixes, such as \"30s\" or \"2h45m\". Valid time units are \"s\" (seconds), \"m\" (minutes), \"h\" (hours). Read operations occur during any refresh or planning operation when refresh is enabled.","description_kind":"plain","optional":true}},"description_kind":"plain"}}},"description":"Manages a Vast.ai local volume. Volumes provide persistent storage that can be attached to instances. Volumes are created from volume offers (use the vastai_volume_offers data source to search for available offers) or cloned from existing volumes.","description_kind":"plain"}},"vastai_worker_group":{"version":0,"block":{"attributes":{"cold_workers":{"type":"number","description":"Minimum cold workers for this worker group.","description_kind":"plain","optional":true},"endpoint_id":{"type":"number","description":"ID of the parent endpoint this worker group belongs to. Changing this forces a new resource.","description_kind":"plain","required":true},"endpoint_name":{"type":"string","description":"Name of the parent endpoint (computed from endpoint_id if not set).","description_kind":"plain","optional":true,"computed":true},"gpu_ram":{"type":"number","description":"Estimated GPU RAM requirement in GB.","description_kind":"plain","optional":true},"id":{"type":"string","description":"Worker group ID. Used as the primary identifier for reads, updates, deletes, and imports.","description_kind":"plain","computed":true},"launch_args":{"type":"string","description":"Instance launch arguments string.","description_kind":"plain","optional":true},"search_params":{"type":"string","description":"Offer search filter string (e.g. 'gpu_ram\u003e=23 num_gpus=2 gpu_name=RTX_4090'). The API may apply default filters (verified=True rentable=True rented=False).","description_kind":"plain","optional":true},"template_hash":{"type":"string","description":"Template hash for worker instances. Either template_hash or template_id must be provided.","description_kind":"plain","optional":true},"template_id":{"type":"number","description":"Numeric template ID for worker instances. Either template_hash or template_id must be provided.","description_kind":"plain","optional":true},"test_workers":{"type":"number","description":"Number of workers for initial performance estimate (default: 3).","description_kind":"plain","optional":true,"computed":true}},"block_types":{"timeouts":{"nesting_mode":"single","block":{"attributes":{"create":{"type":"string","description":"A string that can be [parsed as a duration](https://pkg.go.dev/time#ParseDuration) consisting of numbers and unit suffixes, such as \"30s\" or \"2h45m\". Valid time units are \"s\" (seconds), \"m\" (minutes), \"h\" (hours).","description_kind":"plain","optional":true},"delete":{"type":"string","description":"A string that can be [parsed as a duration](https://pkg.go.dev/time#ParseDuration) consisting of numbers and unit suffixes, such as \"30s\" or \"2h45m\". Valid time units are \"s\" (seconds), \"m\" (minutes), \"h\" (hours). Setting a timeout for a Delete operation is only applicable if changes are saved into state before the destroy operation occurs.","description_kind":"plain","optional":true},"read":{"type":"string","description":"A string that can be [parsed as a duration](https://pkg.go.dev/time#ParseDuration) consisting of numbers and unit suffixes, such as \"30s\" or \"2h45m\". Valid time units are \"s\" (seconds), \"m\" (minutes), \"h\" (hours). Read operations occur during any refresh or planning operation when refresh is enabled.","description_kind":"plain","optional":true},"update":{"type":"string","description":"A string that can be [parsed as a duration](https://pkg.go.dev/time#ParseDuration) consisting of numbers and unit suffixes, such as \"30s\" or \"2h45m\". Valid time units are \"s\" (seconds), \"m\" (minutes), \"h\" (hours).","description_kind":"plain","optional":true}},"description_kind":"plain"}}},"description":"Manages a Vast.ai worker group. Worker groups bind to serverless endpoints and define the compute configuration (template, GPU requirements, search parameters). Autoscaling behavior is controlled at the endpoint level via the vastai_endpoint resource.","description_kind":"plain"}}},"data_source_schemas":{"vastai_audit_logs":{"version":0,"block":{"attributes":{"audit_logs":{"nested_type":{"attributes":{"api_key_id":{"type":"string","description":"ID of the API key used for the call.","description_kind":"plain","computed":true},"api_route":{"type":"string","description":"API route that was called.","description_kind":"plain","computed":true},"args":{"type":"string","description":"Arguments passed to the API call.","description_kind":"plain","computed":true},"created_at":{"type":"string","description":"Timestamp when the audit log entry was created.","description_kind":"plain","computed":true},"ip_address":{"type":"string","description":"IP address from which the API call was made.","description_kind":"plain","computed":true}},"nesting_mode":"list"},"description":"List of audit log entries.","description_kind":"plain","computed":true}},"description":"Retrieves audit log entries for the authenticated Vast.ai user.","description_kind":"plain"}},"vastai_endpoints":{"version":0,"block":{"attributes":{"endpoints":{"nested_type":{"attributes":{"cold_mult":{"type":"number","description":"Cold capacity as multiple of hot capacity.","description_kind":"plain","computed":true},"cold_workers":{"type":"number","description":"Minimum cold workers when no load.","description_kind":"plain","computed":true},"endpoint_name":{"type":"string","description":"Name of the serverless endpoint.","description_kind":"plain","computed":true},"endpoint_state":{"type":"string","description":"Endpoint runtime state (active, suspended, stopped).","description_kind":"plain","computed":true},"id":{"type":"number","description":"Unique endpoint ID.","description_kind":"plain","computed":true},"max_workers":{"type":"number","description":"Maximum workers the endpoint can have.","description_kind":"plain","computed":true},"min_cold_load":{"type":"number","description":"Minimum floor load allowing cold workers.","description_kind":"plain","computed":true},"min_load":{"type":"number","description":"Minimum floor load in perf units/s.","description_kind":"plain","computed":true},"target_util":{"type":"number","description":"Target capacity utilization fraction.","description_kind":"plain","computed":true}},"nesting_mode":"list"},"description":"List of all serverless endpoints.","description_kind":"plain","computed":true}},"description":"Lists all serverless endpoints owned by the authenticated user. Returns endpoint metadata including autoscaling configuration and runtime state.","description_kind":"plain"}},"vastai_gpu_offers":{"version":0,"block":{"attributes":{"datacenter_only":{"type":"bool","description":"If true, only return offers from datacenter-hosted machines. Default: false (includes all hosting types).","description_kind":"plain","optional":true},"gpu_name":{"type":"string","description":"Filter by GPU model name (e.g., 'RTX 4090', 'A100'). Must match exactly.","description_kind":"plain","optional":true},"gpu_ram_gb":{"type":"number","description":"Minimum GPU memory per GPU in GB. Offers with at least this much VRAM will be returned.","description_kind":"plain","optional":true},"limit":{"type":"number","description":"Maximum number of offers to return. Valid range: 1 to 1000. Default: 10.","description_kind":"plain","optional":true,"computed":true},"max_price_per_hour":{"type":"number","description":"Maximum price per hour in USD. Only offers at or below this price will be returned.","description_kind":"plain","optional":true},"most_affordable":{"nested_type":{"attributes":{"cpu_cores":{"type":"number","description":"Number of effective CPU cores available.","description_kind":"plain","computed":true},"cpu_ram_gb":{"type":"number","description":"System RAM in GB.","description_kind":"plain","computed":true},"cuda_version":{"type":"number","description":"Maximum supported CUDA version.","description_kind":"plain","computed":true},"datacenter_hosted":{"type":"bool","description":"Whether the machine is hosted in a datacenter (true) or is a consumer machine (false).","description_kind":"plain","computed":true},"direct_port_count":{"type":"number","description":"Number of directly accessible ports.","description_kind":"plain","computed":true},"disk_space_gb":{"type":"number","description":"Available disk space in GB.","description_kind":"plain","computed":true},"dl_perf":{"type":"number","description":"Deep learning performance score.","description_kind":"plain","computed":true},"geolocation":{"type":"string","description":"Geographic location of the machine (e.g., 'US', 'EU').","description_kind":"plain","computed":true},"gpu_name":{"type":"string","description":"GPU model name (e.g., 'RTX 4090', 'A100').","description_kind":"plain","computed":true},"gpu_ram_gb":{"type":"number","description":"GPU memory per GPU in GB.","description_kind":"plain","computed":true},"gpu_total_ram_gb":{"type":"number","description":"Total GPU memory across all GPUs in GB.","description_kind":"plain","computed":true},"id":{"type":"number","description":"Unique offer ID in the Vast.ai marketplace.","description_kind":"plain","computed":true},"inet_down":{"type":"number","description":"Internet download speed in Mbps.","description_kind":"plain","computed":true},"inet_up":{"type":"number","description":"Internet upload speed in Mbps.","description_kind":"plain","computed":true},"machine_id":{"type":"number","description":"ID of the physical machine hosting this offer.","description_kind":"plain","computed":true},"min_bid":{"type":"number","description":"Minimum bid price in USD/hr for interruptible instances.","description_kind":"plain","computed":true},"num_gpus":{"type":"number","description":"Number of GPUs available in this offer.","description_kind":"plain","computed":true},"price_per_hour":{"type":"number","description":"Total price per hour in USD (dph_total).","description_kind":"plain","computed":true},"reliability":{"type":"number","description":"Host reliability score (0.0 to 1.0).","description_kind":"plain","computed":true},"static_ip":{"type":"bool","description":"Whether the machine has a static IP address.","description_kind":"plain","computed":true},"storage_cost_per_gb":{"type":"number","description":"Storage cost per GB per month in USD.","description_kind":"plain","computed":true},"verification":{"type":"string","description":"Host verification status.","description_kind":"plain","computed":true}},"nesting_mode":"single"},"description":"The cheapest offer from the results by price_per_hour, regardless of the order_by setting. Convenience attribute to avoid indexing into the offers list.","description_kind":"plain","computed":true},"num_gpus":{"type":"number","description":"Filter by exact number of GPUs. Valid range: 1 to 16.","description_kind":"plain","optional":true},"offer_type":{"type":"string","description":"Type of offer pricing. Valid values: 'on-demand', 'bid', 'reserved'. Default: 'on-demand'.","description_kind":"plain","optional":true},"offers":{"nested_type":{"attributes":{"cpu_cores":{"type":"number","description":"Number of effective CPU cores available.","description_kind":"plain","computed":true},"cpu_ram_gb":{"type":"number","description":"System RAM in GB.","description_kind":"plain","computed":true},"cuda_version":{"type":"number","description":"Maximum supported CUDA version.","description_kind":"plain","computed":true},"datacenter_hosted":{"type":"bool","description":"Whether the machine is hosted in a datacenter (true) or is a consumer machine (false).","description_kind":"plain","computed":true},"direct_port_count":{"type":"number","description":"Number of directly accessible ports.","description_kind":"plain","computed":true},"disk_space_gb":{"type":"number","description":"Available disk space in GB.","description_kind":"plain","computed":true},"dl_perf":{"type":"number","description":"Deep learning performance score.","description_kind":"plain","computed":true},"geolocation":{"type":"string","description":"Geographic location of the machine (e.g., 'US', 'EU').","description_kind":"plain","computed":true},"gpu_name":{"type":"string","description":"GPU model name (e.g., 'RTX 4090', 'A100').","description_kind":"plain","computed":true},"gpu_ram_gb":{"type":"number","description":"GPU memory per GPU in GB.","description_kind":"plain","computed":true},"gpu_total_ram_gb":{"type":"number","description":"Total GPU memory across all GPUs in GB.","description_kind":"plain","computed":true},"id":{"type":"number","description":"Unique offer ID in the Vast.ai marketplace.","description_kind":"plain","computed":true},"inet_down":{"type":"number","description":"Internet download speed in Mbps.","description_kind":"plain","computed":true},"inet_up":{"type":"number","description":"Internet upload speed in Mbps.","description_kind":"plain","computed":true},"machine_id":{"type":"number","description":"ID of the physical machine hosting this offer.","description_kind":"plain","computed":true},"min_bid":{"type":"number","description":"Minimum bid price in USD/hr for interruptible instances.","description_kind":"plain","computed":true},"num_gpus":{"type":"number","description":"Number of GPUs available in this offer.","description_kind":"plain","computed":true},"price_per_hour":{"type":"number","description":"Total price per hour in USD (dph_total).","description_kind":"plain","computed":true},"reliability":{"type":"number","description":"Host reliability score (0.0 to 1.0).","description_kind":"plain","computed":true},"static_ip":{"type":"bool","description":"Whether the machine has a static IP address.","description_kind":"plain","computed":true},"storage_cost_per_gb":{"type":"number","description":"Storage cost per GB per month in USD.","description_kind":"plain","computed":true},"verification":{"type":"string","description":"Host verification status.","description_kind":"plain","computed":true}},"nesting_mode":"list"},"description":"List of GPU offers matching the search criteria, sorted by the `order_by` field.","description_kind":"plain","computed":true},"order_by":{"type":"string","description":"Field to sort results by. Common values: 'dph_total' (price), 'dlperf_per_dphtotal' (performance/price), 'gpu_ram' (VRAM). Default: 'dph_total'.","description_kind":"plain","optional":true,"computed":true},"raw_query":{"type":"string","description":"Raw query JSON string to pass directly to the Vast.ai search API. When set, all structured filter attributes are ignored. Use this for advanced queries not supported by the structured filters.","description_kind":"plain","optional":true},"region":{"type":"string","description":"Filter by geographic region (e.g., 'US', 'EU'). Matches against the offer's geolocation field.","description_kind":"plain","optional":true}},"description":"Search for available GPU offers on the Vast.ai marketplace. Returns a filtered and sorted list of offers matching the specified criteria, along with a convenience `most_affordable` attribute for the cheapest matching offer.","description_kind":"plain"}},"vastai_instance":{"version":0,"block":{"attributes":{"actual_status":{"type":"string","description":"Current actual status of the instance (e.g., 'running', 'stopped', 'loading', 'exited').","description_kind":"plain","computed":true},"cost_per_hour":{"type":"number","description":"Current cost per hour in USD.","description_kind":"plain","computed":true},"cpu_cores":{"type":"number","description":"Number of effective CPU cores available.","description_kind":"plain","computed":true},"cpu_ram_gb":{"type":"number","description":"System RAM in GB.","description_kind":"plain","computed":true},"disk_space_gb":{"type":"number","description":"Allocated disk space in GB.","description_kind":"plain","computed":true},"geolocation":{"type":"string","description":"Geographic location of the machine hosting this instance.","description_kind":"plain","computed":true},"gpu_name":{"type":"string","description":"GPU model name (e.g., 'RTX 4090', 'A100 SXM4').","description_kind":"plain","computed":true},"gpu_ram_gb":{"type":"number","description":"Total GPU VRAM across all GPUs in GB.","description_kind":"plain","computed":true},"id":{"type":"string","description":"ID of the instance to look up.","description_kind":"plain","required":true},"image":{"type":"string","description":"Docker image running on this instance.","description_kind":"plain","computed":true},"inet_down_mbps":{"type":"number","description":"Internet download speed in Mbps.","description_kind":"plain","computed":true},"inet_up_mbps":{"type":"number","description":"Internet upload speed in Mbps.","description_kind":"plain","computed":true},"intended_status":{"type":"string","description":"Intended status of the instance ('running' or 'stopped').","description_kind":"plain","computed":true},"is_bid":{"type":"bool","description":"Whether this instance uses bid (interruptible) pricing.","description_kind":"plain","computed":true},"label":{"type":"string","description":"User-assigned label for this instance.","description_kind":"plain","computed":true},"machine_id":{"type":"number","description":"Physical machine ID hosting this instance.","description_kind":"plain","computed":true},"num_gpus":{"type":"number","description":"Number of GPUs allocated to this instance.","description_kind":"plain","computed":true},"onstart":{"type":"string","description":"Startup script command executed when the instance starts.","description_kind":"plain","computed":true},"reliability":{"type":"number","description":"Host reliability score (0.0 to 1.0).","description_kind":"plain","computed":true},"ssh_host":{"type":"string","description":"SSH connection hostname for this instance.","description_kind":"plain","computed":true},"ssh_port":{"type":"number","description":"SSH connection port for this instance.","description_kind":"plain","computed":true},"status_msg":{"type":"string","description":"Current status message providing detail about the instance state.","description_kind":"plain","computed":true},"template_hash_id":{"type":"string","description":"Hash ID of the template associated with this instance.","description_kind":"plain","computed":true}},"description":"Look up a single Vast.ai instance by its ID. Returns all instance attributes including hardware specs, network info, status, and configuration.","description_kind":"plain"}},"vastai_instances":{"version":0,"block":{"attributes":{"instances":{"nested_type":{"attributes":{"actual_status":{"type":"string","description":"Current actual status of the instance (e.g., 'running', 'stopped', 'loading', 'exited').","description_kind":"plain","computed":true},"cost_per_hour":{"type":"number","description":"Current cost per hour in USD.","description_kind":"plain","computed":true},"cpu_cores":{"type":"number","description":"Number of effective CPU cores available.","description_kind":"plain","computed":true},"cpu_ram_gb":{"type":"number","description":"System RAM in GB.","description_kind":"plain","computed":true},"disk_space_gb":{"type":"number","description":"Allocated disk space in GB.","description_kind":"plain","computed":true},"geolocation":{"type":"string","description":"Geographic location of the machine hosting this instance.","description_kind":"plain","computed":true},"gpu_name":{"type":"string","description":"GPU model name (e.g., 'RTX 4090', 'A100 SXM4').","description_kind":"plain","computed":true},"gpu_ram_gb":{"type":"number","description":"Total GPU VRAM across all GPUs in GB.","description_kind":"plain","computed":true},"id":{"type":"string","description":"Unique contract ID of the instance.","description_kind":"plain","computed":true},"image":{"type":"string","description":"Docker image running on this instance.","description_kind":"plain","computed":true},"inet_down_mbps":{"type":"number","description":"Internet download speed in Mbps.","description_kind":"plain","computed":true},"inet_up_mbps":{"type":"number","description":"Internet upload speed in Mbps.","description_kind":"plain","computed":true},"intended_status":{"type":"string","description":"Intended status of the instance ('running' or 'stopped').","description_kind":"plain","computed":true},"is_bid":{"type":"bool","description":"Whether this instance uses bid (interruptible) pricing.","description_kind":"plain","computed":true},"label":{"type":"string","description":"User-assigned label for this instance.","description_kind":"plain","computed":true},"machine_id":{"type":"number","description":"Physical machine ID hosting this instance.","description_kind":"plain","computed":true},"num_gpus":{"type":"number","description":"Number of GPUs allocated to this instance.","description_kind":"plain","computed":true},"onstart":{"type":"string","description":"Startup script command executed when the instance starts.","description_kind":"plain","computed":true},"reliability":{"type":"number","description":"Host reliability score (0.0 to 1.0).","description_kind":"plain","computed":true},"ssh_host":{"type":"string","description":"SSH connection hostname for this instance.","description_kind":"plain","computed":true},"ssh_port":{"type":"number","description":"SSH connection port for this instance.","description_kind":"plain","computed":true},"status_msg":{"type":"string","description":"Current status message providing detail about the instance state.","description_kind":"plain","computed":true},"template_hash_id":{"type":"string","description":"Hash ID of the template associated with this instance.","description_kind":"plain","computed":true}},"nesting_mode":"list"},"description":"List of instances matching the filter criteria.","description_kind":"plain","computed":true},"label":{"type":"string","description":"Filter instances by label (substring match). Only instances whose label contains this string will be returned.","description_kind":"plain","optional":true}},"description":"List all Vast.ai instances owned by the authenticated user. Optionally filter by label substring match.","description_kind":"plain"}},"vastai_invoices":{"version":0,"block":{"attributes":{"end_date":{"type":"string","description":"End date for filtering (YYYY-MM-DD format).","description_kind":"plain","optional":true},"invoices":{"nested_type":{"attributes":{"amount":{"type":"number","description":"Invoice amount in USD.","description_kind":"plain","computed":true},"amount_cents":{"type":"number","description":"Invoice amount in cents.","description_kind":"plain","computed":true},"balance_after":{"type":"number","description":"Account balance after this invoice entry.","description_kind":"plain","computed":true},"balance_before":{"type":"number","description":"Account balance before this invoice entry.","description_kind":"plain","computed":true},"description":{"type":"string","description":"Description of the invoice entry.","description_kind":"plain","computed":true},"id":{"type":"string","description":"Unique numeric identifier of the invoice.","description_kind":"plain","computed":true},"is_credit":{"type":"bool","description":"Whether this invoice entry is a credit.","description_kind":"plain","computed":true},"paid_on":{"type":"string","description":"Date the invoice was paid.","description_kind":"plain","computed":true},"payment_expected":{"type":"string","description":"Date payment is expected.","description_kind":"plain","computed":true},"service":{"type":"string","description":"Service associated with this invoice entry.","description_kind":"plain","computed":true},"timestamp":{"type":"string","description":"Timestamp when the invoice entry was created.","description_kind":"plain","computed":true},"type":{"type":"string","description":"Type of invoice entry.","description_kind":"plain","computed":true},"user_id":{"type":"number","description":"User ID associated with the invoice.","description_kind":"plain","computed":true}},"nesting_mode":"list"},"description":"List of billing invoices.","description_kind":"plain","computed":true},"limit":{"type":"number","description":"Maximum number of invoices to return. Defaults to 100.","description_kind":"plain","optional":true},"start_date":{"type":"string","description":"Start date for filtering (YYYY-MM-DD format).","description_kind":"plain","optional":true},"total":{"type":"number","description":"Total number of matching invoices.","description_kind":"plain","computed":true},"type":{"type":"string","description":"Invoice type filter.","description_kind":"plain","optional":true}},"description":"Retrieves billing invoices for the authenticated Vast.ai user. Uses the v1 API endpoint.","description_kind":"plain"}},"vastai_network_volume_offers":{"version":0,"block":{"attributes":{"allocated_storage":{"type":"number","description":"Storage amount in GB for pricing calculations. Affects the computed storage_cost in results. Defaults to 1.0 if not set. Set this to match your intended volume size for accurate pricing.","description_kind":"plain","optional":true},"disk_bw":{"type":"number","description":"Minimum disk bandwidth in MB/s.","description_kind":"plain","optional":true},"disk_space":{"type":"number","description":"Minimum disk space in GB. Only offers with at least this much disk space will be returned.","description_kind":"plain","optional":true},"geolocation":{"type":"string","description":"Filter by geographic location (e.g., 'US', 'EU'). Matches against the offer's geolocation field.","description_kind":"plain","optional":true},"inet_down":{"type":"number","description":"Minimum internet download speed in Mbps.","description_kind":"plain","optional":true},"inet_up":{"type":"number","description":"Minimum internet upload speed in Mbps.","description_kind":"plain","optional":true},"limit":{"type":"number","description":"Maximum number of offers to return. Valid range: 1 to 1000. Default: 10.","description_kind":"plain","optional":true},"max_storage_cost":{"type":"number","description":"Maximum storage cost per GB per month in USD. Only offers at or below this cost will be returned.","description_kind":"plain","optional":true},"most_affordable":{"nested_type":{"attributes":{"cluster_id":{"type":"number","description":"ID of the cluster this offer belongs to.","description_kind":"plain","computed":true},"disk_space":{"type":"number","description":"Available disk space in GB.","description_kind":"plain","computed":true},"duration":{"type":"number","description":"Machine uptime duration in days.","description_kind":"plain","computed":true},"geolocation":{"type":"string","description":"Geographic location of the machine (e.g., 'US', 'EU').","description_kind":"plain","computed":true},"host_id":{"type":"number","description":"ID of the host.","description_kind":"plain","computed":true},"id":{"type":"number","description":"Unique network volume offer ID in the Vast.ai marketplace.","description_kind":"plain","computed":true},"inet_down":{"type":"number","description":"Internet download speed in Mbps.","description_kind":"plain","computed":true},"inet_up":{"type":"number","description":"Internet upload speed in Mbps.","description_kind":"plain","computed":true},"nw_disk_avg_bw":{"type":"number","description":"Average network disk bandwidth in MB/s.","description_kind":"plain","computed":true},"nw_disk_max_bw":{"type":"number","description":"Maximum network disk bandwidth in MB/s.","description_kind":"plain","computed":true},"nw_disk_min_bw":{"type":"number","description":"Minimum network disk bandwidth in MB/s.","description_kind":"plain","computed":true},"reliability":{"type":"number","description":"Host reliability score (0.0 to 1.0).","description_kind":"plain","computed":true},"storage_cost":{"type":"number","description":"Storage cost per GB per month in USD.","description_kind":"plain","computed":true},"verification":{"type":"string","description":"Host verification status.","description_kind":"plain","computed":true}},"nesting_mode":"single"},"description":"The most affordable offer from the results (first result when sorted by storage_cost). Convenience attribute to avoid indexing into the offers list.","description_kind":"plain","computed":true},"offers":{"nested_type":{"attributes":{"cluster_id":{"type":"number","description":"ID of the cluster this offer belongs to.","description_kind":"plain","computed":true},"disk_space":{"type":"number","description":"Available disk space in GB.","description_kind":"plain","computed":true},"duration":{"type":"number","description":"Machine uptime duration in days.","description_kind":"plain","computed":true},"geolocation":{"type":"string","description":"Geographic location of the machine (e.g., 'US', 'EU').","description_kind":"plain","computed":true},"host_id":{"type":"number","description":"ID of the host.","description_kind":"plain","computed":true},"id":{"type":"number","description":"Unique network volume offer ID in the Vast.ai marketplace.","description_kind":"plain","computed":true},"inet_down":{"type":"number","description":"Internet download speed in Mbps.","description_kind":"plain","computed":true},"inet_up":{"type":"number","description":"Internet upload speed in Mbps.","description_kind":"plain","computed":true},"nw_disk_avg_bw":{"type":"number","description":"Average network disk bandwidth in MB/s.","description_kind":"plain","computed":true},"nw_disk_max_bw":{"type":"number","description":"Maximum network disk bandwidth in MB/s.","description_kind":"plain","computed":true},"nw_disk_min_bw":{"type":"number","description":"Minimum network disk bandwidth in MB/s.","description_kind":"plain","computed":true},"reliability":{"type":"number","description":"Host reliability score (0.0 to 1.0).","description_kind":"plain","computed":true},"storage_cost":{"type":"number","description":"Storage cost per GB per month in USD.","description_kind":"plain","computed":true},"verification":{"type":"string","description":"Host verification status.","description_kind":"plain","computed":true}},"nesting_mode":"list"},"description":"List of network volume offers matching the search criteria, sorted by the `order_by` field.","description_kind":"plain","computed":true},"order_by":{"type":"string","description":"Field to sort results by. Valid values: 'storage_cost', 'disk_space', 'inet_up', 'inet_down', 'reliability', 'duration'. Default: 'storage_cost'.","description_kind":"plain","optional":true},"raw_query":{"type":"string","description":"Raw query JSON string to pass directly to the Vast.ai network volume search API. When set, all structured filter attributes are ignored. Use this for advanced queries not supported by the structured filters.","description_kind":"plain","optional":true},"reliability":{"type":"number","description":"Minimum host reliability score. Valid range: 0.0 to 1.0.","description_kind":"plain","optional":true},"static_ip":{"type":"bool","description":"If true, only return offers from machines with static IP addresses.","description_kind":"plain","optional":true},"verified":{"type":"bool","description":"If true, only return offers from verified machines.","description_kind":"plain","optional":true}},"description":"Search for available network volume offers on the Vast.ai marketplace. Returns a filtered and sorted list of offers matching the specified criteria, along with a convenience `most_affordable` attribute for the cheapest matching offer. Network volume offers include bandwidth metrics (nw_disk_min_bw, nw_disk_max_bw, nw_disk_avg_bw) specific to network-attached storage.","description_kind":"plain"}},"vastai_ssh_keys":{"version":0,"block":{"attributes":{"ssh_keys":{"nested_type":{"attributes":{"created_at":{"type":"string","description":"Timestamp when the SSH key was created.","description_kind":"plain","computed":true},"id":{"type":"string","description":"Unique numeric identifier of the SSH key.","description_kind":"plain","computed":true},"ssh_key":{"type":"string","description":"SSH public key content.","description_kind":"plain","computed":true,"sensitive":true}},"nesting_mode":"list"},"description":"List of SSH keys associated with the authenticated user.","description_kind":"plain","computed":true}},"description":"Lists all SSH keys for the authenticated Vast.ai user.","description_kind":"plain"}},"vastai_templates":{"version":0,"block":{"attributes":{"query":{"type":"string","description":"Search query string to filter templates. Matches against template name and description.","description_kind":"plain","required":true},"templates":{"nested_type":{"attributes":{"created_at":{"type":"string","description":"Timestamp when the template was created.","description_kind":"plain","computed":true},"desc":{"type":"string","description":"Short description of the template.","description_kind":"plain","computed":true},"env":{"type":"string","description":"Environment variables and port mappings in Docker CLI format.","description_kind":"plain","computed":true},"id":{"type":"string","description":"Template hash ID (primary identifier).","description_kind":"plain","computed":true},"image":{"type":"string","description":"Docker image reference used by this template.","description_kind":"plain","computed":true},"jup_direct":{"type":"bool","description":"Whether direct Jupyter access is enabled.","description_kind":"plain","computed":true},"name":{"type":"string","description":"Template name.","description_kind":"plain","computed":true},"numeric_id":{"type":"number","description":"Numeric template ID assigned by the Vast.ai API.","description_kind":"plain","computed":true},"onstart":{"type":"string","description":"Bash script executed when the instance starts.","description_kind":"plain","computed":true},"private":{"type":"bool","description":"Whether this template is private.","description_kind":"plain","computed":true},"readme":{"type":"string","description":"Markdown readme content for the template.","description_kind":"plain","computed":true},"readme_visible":{"type":"bool","description":"Whether the readme is visible on the template listing.","description_kind":"plain","computed":true},"recommended_disk_space":{"type":"string","description":"Recommended disk space for instances using this template.","description_kind":"plain","computed":true},"ssh_direct":{"type":"bool","description":"Whether direct SSH access is enabled.","description_kind":"plain","computed":true},"tag":{"type":"string","description":"Docker image tag.","description_kind":"plain","computed":true},"use_jupyter_lab":{"type":"bool","description":"Whether JupyterLab is used instead of classic Jupyter.","description_kind":"plain","computed":true},"use_ssh":{"type":"bool","description":"Whether SSH server is enabled.","description_kind":"plain","computed":true}},"nesting_mode":"list"},"description":"List of templates matching the search query.","description_kind":"plain","computed":true}},"description":"Search for Vast.ai templates by query string. Returns a list of templates matching the search criteria.","description_kind":"plain"}},"vastai_user":{"version":0,"block":{"attributes":{"balance":{"type":"number","description":"Current account balance in USD.","description_kind":"plain","computed":true},"balance_threshold":{"type":"number","description":"Balance threshold for notifications.","description_kind":"plain","computed":true},"balance_threshold_enabled":{"type":"bool","description":"Whether balance threshold notifications are enabled.","description_kind":"plain","computed":true},"credit":{"type":"number","description":"Current account credit in USD.","description_kind":"plain","computed":true},"email":{"type":"string","description":"Email address of the authenticated user.","description_kind":"plain","computed":true},"email_verified":{"type":"bool","description":"Whether the user's email address has been verified.","description_kind":"plain","computed":true},"fullname":{"type":"string","description":"Full name of the authenticated user.","description_kind":"plain","computed":true},"has_billing":{"type":"bool","description":"Whether the user has billing information configured.","description_kind":"plain","computed":true},"id":{"type":"string","description":"Unique numeric identifier of the user.","description_kind":"plain","computed":true},"ssh_key":{"type":"string","description":"Default SSH public key associated with the user.","description_kind":"plain","computed":true,"sensitive":true},"username":{"type":"string","description":"Username of the authenticated user.","description_kind":"plain","computed":true}},"description":"Retrieves the current authenticated user's profile information.","description_kind":"plain"}},"vastai_volume_offers":{"version":0,"block":{"attributes":{"allocated_storage":{"type":"number","description":"Storage amount in GB for pricing calculations. Affects the computed storage_cost in results. Defaults to 1.0 if not set. Set this to match your intended volume size for accurate pricing.","description_kind":"plain","optional":true},"disk_bw":{"type":"number","description":"Minimum disk bandwidth in MB/s.","description_kind":"plain","optional":true},"disk_space":{"type":"number","description":"Minimum disk space in GB. Only offers with at least this much disk space will be returned.","description_kind":"plain","optional":true},"geolocation":{"type":"string","description":"Filter by geographic location (e.g., 'US', 'EU'). Matches against the offer's geolocation field.","description_kind":"plain","optional":true},"inet_down":{"type":"number","description":"Minimum internet download speed in Mbps.","description_kind":"plain","optional":true},"inet_up":{"type":"number","description":"Minimum internet upload speed in Mbps.","description_kind":"plain","optional":true},"limit":{"type":"number","description":"Maximum number of offers to return. Valid range: 1 to 1000. Default: 10.","description_kind":"plain","optional":true},"max_storage_cost":{"type":"number","description":"Maximum storage cost per GB per month in USD. Only offers at or below this cost will be returned.","description_kind":"plain","optional":true},"most_affordable":{"nested_type":{"attributes":{"cpu_ghz":{"type":"number","description":"CPU clock speed in GHz.","description_kind":"plain","computed":true},"cuda_max_good":{"type":"number","description":"Maximum supported CUDA version on this machine.","description_kind":"plain","computed":true},"disk_bw":{"type":"number","description":"Disk bandwidth in MB/s.","description_kind":"plain","computed":true},"disk_name":{"type":"string","description":"Name/model of the physical disk.","description_kind":"plain","computed":true},"disk_space":{"type":"number","description":"Available disk space in GB.","description_kind":"plain","computed":true},"driver_version":{"type":"string","description":"GPU driver version on the host machine.","description_kind":"plain","computed":true},"duration":{"type":"number","description":"Machine uptime duration in days.","description_kind":"plain","computed":true},"geolocation":{"type":"string","description":"Geographic location of the machine (e.g., 'US', 'EU').","description_kind":"plain","computed":true},"host_id":{"type":"number","description":"ID of the host.","description_kind":"plain","computed":true},"id":{"type":"number","description":"Unique volume offer ID in the Vast.ai marketplace.","description_kind":"plain","computed":true},"inet_down":{"type":"number","description":"Internet download speed in Mbps.","description_kind":"plain","computed":true},"inet_up":{"type":"number","description":"Internet upload speed in Mbps.","description_kind":"plain","computed":true},"machine_id":{"type":"number","description":"ID of the physical machine hosting this offer.","description_kind":"plain","computed":true},"reliability":{"type":"number","description":"Host reliability score (0.0 to 1.0).","description_kind":"plain","computed":true},"storage_cost":{"type":"number","description":"Storage cost per GB per month in USD.","description_kind":"plain","computed":true},"verification":{"type":"string","description":"Host verification status.","description_kind":"plain","computed":true}},"nesting_mode":"single"},"description":"The most affordable offer from the results (first result when sorted by storage_cost). Convenience attribute to avoid indexing into the offers list.","description_kind":"plain","computed":true},"offers":{"nested_type":{"attributes":{"cpu_ghz":{"type":"number","description":"CPU clock speed in GHz.","description_kind":"plain","computed":true},"cuda_max_good":{"type":"number","description":"Maximum supported CUDA version on this machine.","description_kind":"plain","computed":true},"disk_bw":{"type":"number","description":"Disk bandwidth in MB/s.","description_kind":"plain","computed":true},"disk_name":{"type":"string","description":"Name/model of the physical disk.","description_kind":"plain","computed":true},"disk_space":{"type":"number","description":"Available disk space in GB.","description_kind":"plain","computed":true},"driver_version":{"type":"string","description":"GPU driver version on the host machine.","description_kind":"plain","computed":true},"duration":{"type":"number","description":"Machine uptime duration in days.","description_kind":"plain","computed":true},"geolocation":{"type":"string","description":"Geographic location of the machine (e.g., 'US', 'EU').","description_kind":"plain","computed":true},"host_id":{"type":"number","description":"ID of the host.","description_kind":"plain","computed":true},"id":{"type":"number","description":"Unique volume offer ID in the Vast.ai marketplace.","description_kind":"plain","computed":true},"inet_down":{"type":"number","description":"Internet download speed in Mbps.","description_kind":"plain","computed":true},"inet_up":{"type":"number","description":"Internet upload speed in Mbps.","description_kind":"plain","computed":true},"machine_id":{"type":"number","description":"ID of the physical machine hosting this offer.","description_kind":"plain","computed":true},"reliability":{"type":"number","description":"Host reliability score (0.0 to 1.0).","description_kind":"plain","computed":true},"storage_cost":{"type":"number","description":"Storage cost per GB per month in USD.","description_kind":"plain","computed":true},"verification":{"type":"string","description":"Host verification status.","description_kind":"plain","computed":true}},"nesting_mode":"list"},"description":"List of volume offers matching the search criteria, sorted by the `order_by` field.","description_kind":"plain","computed":true},"order_by":{"type":"string","description":"Field to sort results by. Valid values: 'storage_cost', 'disk_space', 'inet_up', 'inet_down', 'reliability', 'duration'. Default: 'storage_cost'.","description_kind":"plain","optional":true},"raw_query":{"type":"string","description":"Raw query JSON string to pass directly to the Vast.ai volume search API. When set, all structured filter attributes are ignored. Use this for advanced queries not supported by the structured filters.","description_kind":"plain","optional":true},"reliability":{"type":"number","description":"Minimum host reliability score. Valid range: 0.0 to 1.0.","description_kind":"plain","optional":true},"static_ip":{"type":"bool","description":"If true, only return offers from machines with static IP addresses.","description_kind":"plain","optional":true},"verified":{"type":"bool","description":"If true, only return offers from verified machines.","description_kind":"plain","optional":true}},"description":"Search for available volume offers on the Vast.ai marketplace. Returns a filtered and sorted list of offers matching the specified criteria, along with a convenience `most_affordable` attribute for the cheapest matching offer.","description_kind":"plain"}}}}}}
